// !$*UTF8*$!
{
	archiveVersion = 1;
	classes = {
	};
	objectVersion = 55;
	objects = {

/* Begin PBXBuildFile section */
		D907C51228B0AC3300EF9888 /* AppDelegate.swift in Sources */ = {isa = PBXBuildFile; fileRef = D907C51128B0AC3300EF9888 /* AppDelegate.swift */; };
		D907C51428B0AC3300EF9888 /* SceneDelegate.swift in Sources */ = {isa = PBXBuildFile; fileRef = D907C51328B0AC3300EF9888 /* SceneDelegate.swift */; };
		D907C51628B0AC3300EF9888 /* ViewController.swift in Sources */ = {isa = PBXBuildFile; fileRef = D907C51528B0AC3300EF9888 /* ViewController.swift */; };
		D907C51928B0AC3300EF9888 /* Main.storyboard in Resources */ = {isa = PBXBuildFile; fileRef = D907C51728B0AC3300EF9888 /* Main.storyboard */; };
		D907C51B28B0AC3400EF9888 /* Assets.xcassets in Resources */ = {isa = PBXBuildFile; fileRef = D907C51A28B0AC3400EF9888 /* Assets.xcassets */; };
		D907C51E28B0AC3400EF9888 /* LaunchScreen.storyboard in Resources */ = {isa = PBXBuildFile; fileRef = D907C51C28B0AC3400EF9888 /* LaunchScreen.storyboard */; };
		D907C52928B0AC3400EF9888 /* SimpleMemoryTests.swift in Sources */ = {isa = PBXBuildFile; fileRef = D907C52828B0AC3400EF9888 /* SimpleMemoryTests.swift */; };
		D907C53328B0AC3400EF9888 /* SimpleMemoryUITests.swift in Sources */ = {isa = PBXBuildFile; fileRef = D907C53228B0AC3400EF9888 /* SimpleMemoryUITests.swift */; };
		D907C53528B0AC3400EF9888 /* SimpleMemoryUITestsLaunchTests.swift in Sources */ = {isa = PBXBuildFile; fileRef = D907C53428B0AC3400EF9888 /* SimpleMemoryUITestsLaunchTests.swift */; };
		D907C54328B0AC8900EF9888 /* FirstViewController.swift in Sources */ = {isa = PBXBuildFile; fileRef = D907C54128B0AC8900EF9888 /* FirstViewController.swift */; };
		D907C54428B0AC8900EF9888 /* FirstViewController.xib in Resources */ = {isa = PBXBuildFile; fileRef = D907C54228B0AC8900EF9888 /* FirstViewController.xib */; };
/* End PBXBuildFile section */

/* Begin PBXContainerItemProxy section */
		D907C52528B0AC3400EF9888 /* PBXContainerItemProxy */ = {
			isa = PBXContainerItemProxy;
			containerPortal = D907C50628B0AC3200EF9888 /* Project object */;
			proxyType = 1;
			remoteGlobalIDString = D907C50D28B0AC3200EF9888;
			remoteInfo = SimpleMemory;
		};
		D907C52F28B0AC3400EF9888 /* PBXContainerItemProxy */ = {
			isa = PBXContainerItemProxy;
			containerPortal = D907C50628B0AC3200EF9888 /* Project object */;
			proxyType = 1;
			remoteGlobalIDString = D907C50D28B0AC3200EF9888;
			remoteInfo = SimpleMemory;
		};
/* End PBXContainerItemProxy section */

/* Begin PBXFileReference section */
		D907C50E28B0AC3300EF9888 /* SimpleMemory.app */ = {isa = PBXFileReference; explicitFileType = wrapper.application; includeInIndex = 0; path = SimpleMemory.app; sourceTree = BUILT_PRODUCTS_DIR; };
		D907C51128B0AC3300EF9888 /* AppDelegate.swift */ = {isa = PBXFileReference; lastKnownFileType = sourcecode.swift; path = AppDelegate.swift; sourceTree = "<group>"; };
		D907C51328B0AC3300EF9888 /* SceneDelegate.swift */ = {isa = PBXFileReference; lastKnownFileType = sourcecode.swift; path = SceneDelegate.swift; sourceTree = "<group>"; };
		D907C51528B0AC3300EF9888 /* ViewController.swift */ = {isa = PBXFileReference; lastKnownFileType = sourcecode.swift; path = ViewController.swift; sourceTree = "<group>"; };
		D907C51828B0AC3300EF9888 /* Base */ = {isa = PBXFileReference; lastKnownFileType = file.storyboard; name = Base; path = Base.lproj/Main.storyboard; sourceTree = "<group>"; };
		D907C51A28B0AC3400EF9888 /* Assets.xcassets */ = {isa = PBXFileReference; lastKnownFileType = folder.assetcatalog; path = Assets.xcassets; sourceTree = "<group>"; };
		D907C51D28B0AC3400EF9888 /* Base */ = {isa = PBXFileReference; lastKnownFileType = file.storyboard; name = Base; path = Base.lproj/LaunchScreen.storyboard; sourceTree = "<group>"; };
		D907C51F28B0AC3400EF9888 /* Info.plist */ = {isa = PBXFileReference; lastKnownFileType = text.plist.xml; path = Info.plist; sourceTree = "<group>"; };
		D907C52428B0AC3400EF9888 /* SimpleMemoryTests.xctest */ = {isa = PBXFileReference; explicitFileType = wrapper.cfbundle; includeInIndex = 0; path = SimpleMemoryTests.xctest; sourceTree = BUILT_PRODUCTS_DIR; };
		D907C52828B0AC3400EF9888 /* SimpleMemoryTests.swift */ = {isa = PBXFileReference; lastKnownFileType = sourcecode.swift; path = SimpleMemoryTests.swift; sourceTree = "<group>"; };
		D907C52E28B0AC3400EF9888 /* SimpleMemoryUITests.xctest */ = {isa = PBXFileReference; explicitFileType = wrapper.cfbundle; includeInIndex = 0; path = SimpleMemoryUITests.xctest; sourceTree = BUILT_PRODUCTS_DIR; };
		D907C53228B0AC3400EF9888 /* SimpleMemoryUITests.swift */ = {isa = PBXFileReference; lastKnownFileType = sourcecode.swift; path = SimpleMemoryUITests.swift; sourceTree = "<group>"; };
		D907C53428B0AC3400EF9888 /* SimpleMemoryUITestsLaunchTests.swift */ = {isa = PBXFileReference; lastKnownFileType = sourcecode.swift; path = SimpleMemoryUITestsLaunchTests.swift; sourceTree = "<group>"; };
		D907C54128B0AC8900EF9888 /* FirstViewController.swift */ = {isa = PBXFileReference; lastKnownFileType = sourcecode.swift; path = FirstViewController.swift; sourceTree = "<group>"; };
		D907C54228B0AC8900EF9888 /* FirstViewController.xib */ = {isa = PBXFileReference; lastKnownFileType = file.xib; path = FirstViewController.xib; sourceTree = "<group>"; };
/* End PBXFileReference section */

/* Begin PBXFrameworksBuildPhase section */
		D907C50B28B0AC3200EF9888 /* Frameworks */ = {
			isa = PBXFrameworksBuildPhase;
			buildActionMask = 2147483647;
			files = (
			);
			runOnlyForDeploymentPostprocessing = 0;
		};
		D907C52128B0AC3400EF9888 /* Frameworks */ = {
			isa = PBXFrameworksBuildPhase;
			buildActionMask = 2147483647;
			files = (
			);
			runOnlyForDeploymentPostprocessing = 0;
		};
		D907C52B28B0AC3400EF9888 /* Frameworks */ = {
			isa = PBXFrameworksBuildPhase;
			buildActionMask = 2147483647;
			files = (
			);
			runOnlyForDeploymentPostprocessing = 0;
		};
/* End PBXFrameworksBuildPhase section */

/* Begin PBXGroup section */
		D907C50528B0AC3200EF9888 = {
			isa = PBXGroup;
			children = (
				D907C51028B0AC3300EF9888 /* SimpleMemory */,
				D907C52728B0AC3400EF9888 /* SimpleMemoryTests */,
				D907C53128B0AC3400EF9888 /* SimpleMemoryUITests */,
				D907C50F28B0AC3300EF9888 /* Products */,
			);
			sourceTree = "<group>";
		};
		D907C50F28B0AC3300EF9888 /* Products */ = {
			isa = PBXGroup;
			children = (
				D907C50E28B0AC3300EF9888 /* SimpleMemory.app */,
				D907C52428B0AC3400EF9888 /* SimpleMemoryTests.xctest */,
				D907C52E28B0AC3400EF9888 /* SimpleMemoryUITests.xctest */,
			);
			name = Products;
			sourceTree = "<group>";
		};
		D907C51028B0AC3300EF9888 /* SimpleMemory */ = {
			isa = PBXGroup;
			children = (
				D907C51128B0AC3300EF9888 /* AppDelegate.swift */,
				D907C51328B0AC3300EF9888 /* SceneDelegate.swift */,
				D907C51528B0AC3300EF9888 /* ViewController.swift */,
				D907C51728B0AC3300EF9888 /* Main.storyboard */,
				D907C51A28B0AC3400EF9888 /* Assets.xcassets */,
				D907C51C28B0AC3400EF9888 /* LaunchScreen.storyboard */,
				D907C51F28B0AC3400EF9888 /* Info.plist */,
				D907C54128B0AC8900EF9888 /* FirstViewController.swift */,
				D907C54228B0AC8900EF9888 /* FirstViewController.xib */,
			);
			path = SimpleMemory;
			sourceTree = "<group>";
		};
		D907C52728B0AC3400EF9888 /* SimpleMemoryTests */ = {
			isa = PBXGroup;
			children = (
				D907C52828B0AC3400EF9888 /* SimpleMemoryTests.swift */,
			);
			path = SimpleMemoryTests;
			sourceTree = "<group>";
		};
		D907C53128B0AC3400EF9888 /* SimpleMemoryUITests */ = {
			isa = PBXGroup;
			children = (
				D907C53228B0AC3400EF9888 /* SimpleMemoryUITests.swift */,
				D907C53428B0AC3400EF9888 /* SimpleMemoryUITestsLaunchTests.swift */,
			);
			path = SimpleMemoryUITests;
			sourceTree = "<group>";
		};
/* End PBXGroup section */

/* Begin PBXNativeTarget section */
		D907C50D28B0AC3200EF9888 /* SimpleMemory */ = {
			isa = PBXNativeTarget;
			buildConfigurationList = D907C53828B0AC3400EF9888 /* Build configuration list for PBXNativeTarget "SimpleMemory" */;
			buildPhases = (
				D907C50A28B0AC3200EF9888 /* Sources */,
				D907C50B28B0AC3200EF9888 /* Frameworks */,
				D907C50C28B0AC3200EF9888 /* Resources */,
			);
			buildRules = (
			);
			dependencies = (
			);
			name = SimpleMemory;
			productName = SimpleMemory;
			productReference = D907C50E28B0AC3300EF9888 /* SimpleMemory.app */;
			productType = "com.apple.product-type.application";
		};
		D907C52328B0AC3400EF9888 /* SimpleMemoryTests */ = {
			isa = PBXNativeTarget;
			buildConfigurationList = D907C53B28B0AC3400EF9888 /* Build configuration list for PBXNativeTarget "SimpleMemoryTests" */;
			buildPhases = (
				D907C52028B0AC3400EF9888 /* Sources */,
				D907C52128B0AC3400EF9888 /* Frameworks */,
				D907C52228B0AC3400EF9888 /* Resources */,
			);
			buildRules = (
			);
			dependencies = (
				D907C52628B0AC3400EF9888 /* PBXTargetDependency */,
			);
			name = SimpleMemoryTests;
			productName = SimpleMemoryTests;
			productReference = D907C52428B0AC3400EF9888 /* SimpleMemoryTests.xctest */;
			productType = "com.apple.product-type.bundle.unit-test";
		};
		D907C52D28B0AC3400EF9888 /* SimpleMemoryUITests */ = {
			isa = PBXNativeTarget;
			buildConfigurationList = D907C53E28B0AC3400EF9888 /* Build configuration list for PBXNativeTarget "SimpleMemoryUITests" */;
			buildPhases = (
				D907C52A28B0AC3400EF9888 /* Sources */,
				D907C52B28B0AC3400EF9888 /* Frameworks */,
				D907C52C28B0AC3400EF9888 /* Resources */,
			);
			buildRules = (
			);
			dependencies = (
				D907C53028B0AC3400EF9888 /* PBXTargetDependency */,
			);
			name = SimpleMemoryUITests;
			productName = SimpleMemoryUITests;
			productReference = D907C52E28B0AC3400EF9888 /* SimpleMemoryUITests.xctest */;
			productType = "com.apple.product-type.bundle.ui-testing";
		};
/* End PBXNativeTarget section */

/* Begin PBXProject section */
		D907C50628B0AC3200EF9888 /* Project object */ = {
			isa = PBXProject;
			attributes = {
				BuildIndependentTargetsInParallel = 1;
				LastSwiftUpdateCheck = 1340;
				LastUpgradeCheck = 1340;
				TargetAttributes = {
					D907C50D28B0AC3200EF9888 = {
						CreatedOnToolsVersion = 13.4.1;
					};
					D907C52328B0AC3400EF9888 = {
						CreatedOnToolsVersion = 13.4.1;
						TestTargetID = D907C50D28B0AC3200EF9888;
					};
					D907C52D28B0AC3400EF9888 = {
						CreatedOnToolsVersion = 13.4.1;
						TestTargetID = D907C50D28B0AC3200EF9888;
					};
				};
			};
			buildConfigurationList = D907C50928B0AC3200EF9888 /* Build configuration list for PBXProject "SimpleMemory" */;
			compatibilityVersion = "Xcode 13.0";
			developmentRegion = en;
			hasScannedForEncodings = 0;
			knownRegions = (
				en,
				Base,
			);
			mainGroup = D907C50528B0AC3200EF9888;
			productRefGroup = D907C50F28B0AC3300EF9888 /* Products */;
			projectDirPath = "";
			projectRoot = "";
			targets = (
				D907C50D28B0AC3200EF9888 /* SimpleMemory */,
				D907C52328B0AC3400EF9888 /* SimpleMemoryTests */,
				D907C52D28B0AC3400EF9888 /* SimpleMemoryUITests */,
			);
		};
/* End PBXProject section */

/* Begin PBXResourcesBuildPhase section */
		D907C50C28B0AC3200EF9888 /* Resources */ = {
			isa = PBXResourcesBuildPhase;
			buildActionMask = 2147483647;
			files = (
				D907C51E28B0AC3400EF9888 /* LaunchScreen.storyboard in Resources */,
				D907C51B28B0AC3400EF9888 /* Assets.xcassets in Resources */,
				D907C51928B0AC3300EF9888 /* Main.storyboard in Resources */,
				D907C54428B0AC8900EF9888 /* FirstViewController.xib in Resources */,
			);
			runOnlyForDeploymentPostprocessing = 0;
		};
		D907C52228B0AC3400EF9888 /* Resources */ = {
			isa = PBXResourcesBuildPhase;
			buildActionMask = 2147483647;
			files = (
			);
			runOnlyForDeploymentPostprocessing = 0;
		};
		D907C52C28B0AC3400EF9888 /* Resources */ = {
			isa = PBXResourcesBuildPhase;
			buildActionMask = 2147483647;
			files = (
			);
			runOnlyForDeploymentPostprocessing = 0;
		};
/* End PBXResourcesBuildPhase section */

/* Begin PBXSourcesBuildPhase section */
		D907C50A28B0AC3200EF9888 /* Sources */ = {
			isa = PBXSourcesBuildPhase;
			buildActionMask = 2147483647;
			files = (
				D907C51628B0AC3300EF9888 /* ViewController.swift in Sources */,
				D907C51228B0AC3300EF9888 /* AppDelegate.swift in Sources */,
				D907C51428B0AC3300EF9888 /* SceneDelegate.swift in Sources */,
				D907C54328B0AC8900EF9888 /* FirstViewController.swift in Sources */,
			);
			runOnlyForDeploymentPostprocessing = 0;
		};
		D907C52028B0AC3400EF9888 /* Sources */ = {
			isa = PBXSourcesBuildPhase;
			buildActionMask = 2147483647;
			files = (
				D907C52928B0AC3400EF9888 /* SimpleMemoryTests.swift in Sources */,
			);
			runOnlyForDeploymentPostprocessing = 0;
		};
		D907C52A28B0AC3400EF9888 /* Sources */ = {
			isa = PBXSourcesBuildPhase;
			buildActionMask = 2147483647;
			files = (
				D907C53328B0AC3400EF9888 /* SimpleMemoryUITests.swift in Sources */,
				D907C53528B0AC3400EF9888 /* SimpleMemoryUITestsLaunchTests.swift in Sources */,
			);
			runOnlyForDeploymentPostprocessing = 0;
		};
/* End PBXSourcesBuildPhase section */

/* Begin PBXTargetDependency section */
		D907C52628B0AC3400EF9888 /* PBXTargetDependency */ = {
			isa = PBXTargetDependency;
			target = D907C50D28B0AC3200EF9888 /* SimpleMemory */;
			targetProxy = D907C52528B0AC3400EF9888 /* PBXContainerItemProxy */;
		};
		D907C53028B0AC3400EF9888 /* PBXTargetDependency */ = {
			isa = PBXTargetDependency;
			target = D907C50D28B0AC3200EF9888 /* SimpleMemory */;
			targetProxy = D907C52F28B0AC3400EF9888 /* PBXContainerItemProxy */;
		};
/* End PBXTargetDependency section */

/* Begin PBXVariantGroup section */
		D907C51728B0AC3300EF9888 /* Main.storyboard */ = {
			isa = PBXVariantGroup;
			children = (
				D907C51828B0AC3300EF9888 /* Base */,
			);
			name = Main.storyboard;
			sourceTree = "<group>";
		};
		D907C51C28B0AC3400EF9888 /* LaunchScreen.storyboard */ = {
			isa = PBXVariantGroup;
			children = (
				D907C51D28B0AC3400EF9888 /* Base */,
			);
			name = LaunchScreen.storyboard;
			sourceTree = "<group>";
		};
/* End PBXVariantGroup section */

/* Begin XCBuildConfiguration section */
		D907C53628B0AC3400EF9888 /* Debug */ = {
			isa = XCBuildConfiguration;
			buildSettings = {
				ALWAYS_SEARCH_USER_PATHS = NO;
				CLANG_ANALYZER_NONNULL = YES;
				CLANG_ANALYZER_NUMBER_OBJECT_CONVERSION = YES_AGGRESSIVE;
				CLANG_CXX_LANGUAGE_STANDARD = "gnu++17";
				CLANG_ENABLE_MODULES = YES;
				CLANG_ENABLE_OBJC_ARC = YES;
				CLANG_ENABLE_OBJC_WEAK = YES;
				CLANG_WARN_BLOCK_CAPTURE_AUTORELEASING = YES;
				CLANG_WARN_BOOL_CONVERSION = YES;
				CLANG_WARN_COMMA = YES;
				CLANG_WARN_CONSTANT_CONVERSION = YES;
				CLANG_WARN_DEPRECATED_OBJC_IMPLEMENTATIONS = YES;
				CLANG_WARN_DIRECT_OBJC_ISA_USAGE = YES_ERROR;
				CLANG_WARN_DOCUMENTATION_COMMENTS = YES;
				CLANG_WARN_EMPTY_BODY = YES;
				CLANG_WARN_ENUM_CONVERSION = YES;
				CLANG_WARN_INFINITE_RECURSION = YES;
				CLANG_WARN_INT_CONVERSION = YES;
				CLANG_WARN_NON_LITERAL_NULL_CONVERSION = YES;
				CLANG_WARN_OBJC_IMPLICIT_RETAIN_SELF = YES;
				CLANG_WARN_OBJC_LITERAL_CONVERSION = YES;
				CLANG_WARN_OBJC_ROOT_CLASS = YES_ERROR;
				CLANG_WARN_QUOTED_INCLUDE_IN_FRAMEWORK_HEADER = YES;
				CLANG_WARN_RANGE_LOOP_ANALYSIS = YES;
				CLANG_WARN_STRICT_PROTOTYPES = YES;
				CLANG_WARN_SUSPICIOUS_MOVE = YES;
				CLANG_WARN_UNGUARDED_AVAILABILITY = YES_AGGRESSIVE;
				CLANG_WARN_UNREACHABLE_CODE = YES;
				CLANG_WARN__DUPLICATE_METHOD_MATCH = YES;
				COPY_PHASE_STRIP = NO;
				DEBUG_INFORMATION_FORMAT = dwarf;
				ENABLE_STRICT_OBJC_MSGSEND = YES;
				ENABLE_TESTABILITY = YES;
				GCC_C_LANGUAGE_STANDARD = gnu11;
				GCC_DYNAMIC_NO_PIC = NO;
				GCC_NO_COMMON_BLOCKS = YES;
				GCC_OPTIMIZATION_LEVEL = 0;
				GCC_PREPROCESSOR_DEFINITIONS = (
					"DEBUG=1",
					"$(inherited)",
				);
				GCC_WARN_64_TO_32_BIT_CONVERSION = YES;
				GCC_WARN_ABOUT_RETURN_TYPE = YES_ERROR;
				GCC_WARN_UNDECLARED_SELECTOR = YES;
				GCC_WARN_UNINITIALIZED_AUTOS = YES_AGGRESSIVE;
				GCC_WARN_UNUSED_FUNCTION = YES;
				GCC_WARN_UNUSED_VARIABLE = YES;
				IPHONEOS_DEPLOYMENT_TARGET = 15.5;
				MTL_ENABLE_DEBUG_INFO = INCLUDE_SOURCE;
				MTL_FAST_MATH = YES;
				ONLY_ACTIVE_ARCH = YES;
				SDKROOT = iphoneos;
				SWIFT_ACTIVE_COMPILATION_CONDITIONS = DEBUG;
				SWIFT_OPTIMIZATION_LEVEL = "-Onone";
			};
			name = Debug;
		};
		D907C53728B0AC3400EF9888 /* Release */ = {
			isa = XCBuildConfiguration;
			buildSettings = {
				ALWAYS_SEARCH_USER_PATHS = NO;
				CLANG_ANALYZER_NONNULL = YES;
				CLANG_ANALYZER_NUMBER_OBJECT_CONVERSION = YES_AGGRESSIVE;
				CLANG_CXX_LANGUAGE_STANDARD = "gnu++17";
				CLANG_ENABLE_MODULES = YES;
				CLANG_ENABLE_OBJC_ARC = YES;
				CLANG_ENABLE_OBJC_WEAK = YES;
				CLANG_WARN_BLOCK_CAPTURE_AUTORELEASING = YES;
				CLANG_WARN_BOOL_CONVERSION = YES;
				CLANG_WARN_COMMA = YES;
				CLANG_WARN_CONSTANT_CONVERSION = YES;
				CLANG_WARN_DEPRECATED_OBJC_IMPLEMENTATIONS = YES;
				CLANG_WARN_DIRECT_OBJC_ISA_USAGE = YES_ERROR;
				CLANG_WARN_DOCUMENTATION_COMMENTS = YES;
				CLANG_WARN_EMPTY_BODY = YES;
				CLANG_WARN_ENUM_CONVERSION = YES;
				CLANG_WARN_INFINITE_RECURSION = YES;
				CLANG_WARN_INT_CONVERSION = YES;
				CLANG_WARN_NON_LITERAL_NULL_CONVERSION = YES;
				CLANG_WARN_OBJC_IMPLICIT_RETAIN_SELF = YES;
				CLANG_WARN_OBJC_LITERAL_CONVERSION = YES;
				CLANG_WARN_OBJC_ROOT_CLASS = YES_ERROR;
				CLANG_WARN_QUOTED_INCLUDE_IN_FRAMEWORK_HEADER = YES;
				CLANG_WARN_RANGE_LOOP_ANALYSIS = YES;
				CLANG_WARN_STRICT_PROTOTYPES = YES;
				CLANG_WARN_SUSPICIOUS_MOVE = YES;
				CLANG_WARN_UNGUARDED_AVAILABILITY = YES_AGGRESSIVE;
				CLANG_WARN_UNREACHABLE_CODE = YES;
				CLANG_WARN__DUPLICATE_METHOD_MATCH = YES;
				COPY_PHASE_STRIP = NO;
				DEBUG_INFORMATION_FORMAT = "dwarf-with-dsym";
				ENABLE_NS_ASSERTIONS = NO;
				ENABLE_STRICT_OBJC_MSGSEND = YES;
				GCC_C_LANGUAGE_STANDARD = gnu11;
				GCC_NO_COMMON_BLOCKS = YES;
				GCC_WARN_64_TO_32_BIT_CONVERSION = YES;
				GCC_WARN_ABOUT_RETURN_TYPE = YES_ERROR;
				GCC_WARN_UNDECLARED_SELECTOR = YES;
				GCC_WARN_UNINITIALIZED_AUTOS = YES_AGGRESSIVE;
				GCC_WARN_UNUSED_FUNCTION = YES;
				GCC_WARN_UNUSED_VARIABLE = YES;
				IPHONEOS_DEPLOYMENT_TARGET = 15.5;
				MTL_ENABLE_DEBUG_INFO = NO;
				MTL_FAST_MATH = YES;
				SDKROOT = iphoneos;
				SWIFT_COMPILATION_MODE = wholemodule;
				SWIFT_OPTIMIZATION_LEVEL = "-O";
				VALIDATE_PRODUCT = YES;
			};
			name = Release;
		};
		D907C53928B0AC3400EF9888 /* Debug */ = {
			isa = XCBuildConfiguration;
			buildSettings = {
				ASSETCATALOG_COMPILER_APPICON_NAME = AppIcon;
				ASSETCATALOG_COMPILER_GLOBAL_ACCENT_COLOR_NAME = AccentColor;
				CODE_SIGN_STYLE = Automatic;
				CURRENT_PROJECT_VERSION = 1;
				GENERATE_INFOPLIST_FILE = YES;
				INFOPLIST_FILE = SimpleMemory/Info.plist;
				INFOPLIST_KEY_UIApplicationSupportsIndirectInputEvents = YES;
				INFOPLIST_KEY_UILaunchStoryboardName = LaunchScreen;
				INFOPLIST_KEY_UIMainStoryboardFile = Main;
				INFOPLIST_KEY_UISupportedInterfaceOrientations_iPad = "UIInterfaceOrientationPortrait UIInterfaceOrientationPortraitUpsideDown UIInterfaceOrientationLandscapeLeft UIInterfaceOrientationLandscapeRight";
				INFOPLIST_KEY_UISupportedInterfaceOrientations_iPhone = "UIInterfaceOrientationPortrait UIInterfaceOrientationLandscapeLeft UIInterfaceOrientationLandscapeRight";
				LD_RUNPATH_SEARCH_PATHS = (
					"$(inherited)",
					"@executable_path/Frameworks",
				);
				MARKETING_VERSION = 1.0;
				PRODUCT_BUNDLE_IDENTIFIER = putranto.SimpleMemory;
				PRODUCT_NAME = "$(TARGET_NAME)";
				SWIFT_EMIT_LOC_STRINGS = YES;
				SWIFT_VERSION = 5.0;
				TARGETED_DEVICE_FAMILY = "1,2";
			};
			name = Debug;
		};
		D907C53A28B0AC3400EF9888 /* Release */ = {
			isa = XCBuildConfiguration;
			buildSettings = {
				ASSETCATALOG_COMPILER_APPICON_NAME = AppIcon;
				ASSETCATALOG_COMPILER_GLOBAL_ACCENT_COLOR_NAME = AccentColor;
				CODE_SIGN_STYLE = Automatic;
				CURRENT_PROJECT_VERSION = 1;
				GENERATE_INFOPLIST_FILE = YES;
				INFOPLIST_FILE = SimpleMemory/Info.plist;
				INFOPLIST_KEY_UIApplicationSupportsIndirectInputEvents = YES;
				INFOPLIST_KEY_UILaunchStoryboardName = LaunchScreen;
				INFOPLIST_KEY_UIMainStoryboardFile = Main;
				INFOPLIST_KEY_UISupportedInterfaceOrientations_iPad = "UIInterfaceOrientationPortrait UIInterfaceOrientationPortraitUpsideDown UIInterfaceOrientationLandscapeLeft UIInterfaceOrientationLandscapeRight";
				INFOPLIST_KEY_UISupportedInterfaceOrientations_iPhone = "UIInterfaceOrientationPortrait UIInterfaceOrientationLandscapeLeft UIInterfaceOrientationLandscapeRight";
				LD_RUNPATH_SEARCH_PATHS = (
					"$(inherited)",
					"@executable_path/Frameworks",
				);
				MARKETING_VERSION = 1.0;
				PRODUCT_BUNDLE_IDENTIFIER = putranto.SimpleMemory;
				PRODUCT_NAME = "$(TARGET_NAME)";
				SWIFT_EMIT_LOC_STRINGS = YES;
				SWIFT_VERSION = 5.0;
				TARGETED_DEVICE_FAMILY = "1,2";
			};
			name = Release;
		};
		D907C53C28B0AC3400EF9888 /* Debug */ = {
			isa = XCBuildConfiguration;
			buildSettings = {
				ALWAYS_EMBED_SWIFT_STANDARD_LIBRARIES = YES;
				BUNDLE_LOADER = "$(TEST_HOST)";
				CODE_SIGN_STYLE = Automatic;
				CURRENT_PROJECT_VERSION = 1;
				GENERATE_INFOPLIST_FILE = YES;
				IPHONEOS_DEPLOYMENT_TARGET = 15.5;
				MARKETING_VERSION = 1.0;
				PRODUCT_BUNDLE_IDENTIFIER = putranto.SimpleMemoryTests;
				PRODUCT_NAME = "$(TARGET_NAME)";
				SWIFT_EMIT_LOC_STRINGS = NO;
				SWIFT_VERSION = 5.0;
				TARGETED_DEVICE_FAMILY = "1,2";
				TEST_HOST = "$(BUILT_PRODUCTS_DIR)/SimpleMemory.app/SimpleMemory";
			};
			name = Debug;
		};
		D907C53D28B0AC3400EF9888 /* Release */ = {
			isa = XCBuildConfiguration;
			buildSettings = {
				ALWAYS_EMBED_SWIFT_STANDARD_LIBRARIES = YES;
				BUNDLE_LOADER = "$(TEST_HOST)";
				CODE_SIGN_STYLE = Automatic;
				CURRENT_PROJECT_VERSION = 1;
				GENERATE_INFOPLIST_FILE = YES;
				IPHONEOS_DEPLOYMENT_TARGET = 15.5;
				MARKETING_VERSION = 1.0;
				PRODUCT_BUNDLE_IDENTIFIER = putranto.SimpleMemoryTests;
				PRODUCT_NAME = "$(TARGET_NAME)";
				SWIFT_EMIT_LOC_STRINGS = NO;
				SWIFT_VERSION = 5.0;
				TARGETED_DEVICE_FAMILY = "1,2";
				TEST_HOST = "$(BUILT_PRODUCTS_DIR)/SimpleMemory.app/SimpleMemory";
			};
			name = Release;
		};
		D907C53F28B0AC3400EF9888 /* Debug */ = {
			isa = XCBuildConfiguration;
			buildSettings = {
				ALWAYS_EMBED_SWIFT_STANDARD_LIBRARIES = YES;
				CODE_SIGN_STYLE = Automatic;
				CURRENT_PROJECT_VERSION = 1;
				GENERATE_INFOPLIST_FILE = YES;
				MARKETING_VERSION = 1.0;
				PRODUCT_BUNDLE_IDENTIFIER = putranto.SimpleMemoryUITests;
				PRODUCT_NAME = "$(TARGET_NAME)";
				SWIFT_EMIT_LOC_STRINGS = NO;
				SWIFT_VERSION = 5.0;
				TARGETED_DEVICE_FAMILY = "1,2";
				TEST_TARGET_NAME = SimpleMemory;
			};
			name = Debug;
		};
		D907C54028B0AC3400EF9888 /* Release */ = {
			isa = XCBuildConfiguration;
			buildSettings = {
				ALWAYS_EMBED_SWIFT_STANDARD_LIBRARIES = YES;
				CODE_SIGN_STYLE = Automatic;
				CURRENT_PROJECT_VERSION = 1;
				GENERATE_INFOPLIST_FILE = YES;
				MARKETING_VERSION = 1.0;
				PRODUCT_BUNDLE_IDENTIFIER = putranto.SimpleMemoryUITests;
				PRODUCT_NAME = "$(TARGET_NAME)";
				SWIFT_EMIT_LOC_STRINGS = NO;
				SWIFT_VERSION = 5.0;
				TARGETED_DEVICE_FAMILY = "1,2";
				TEST_TARGET_NAME = SimpleMemory;
			};
			name = Release;
		};
/* End XCBuildConfiguration section */

/* Begin XCConfigurationList section */
		D907C50928B0AC3200EF9888 /* Build configuration list for PBXProject "SimpleMemory" */ = {
			isa = XCConfigurationList;
			buildConfigurations = (
				D907C53628B0AC3400EF9888 /* Debug */,
				D907C53728B0AC3400EF9888 /* Release */,
			);
			defaultConfigurationIsVisible = 0;
			defaultConfigurationName = Release;
		};
		D907C53828B0AC3400EF9888 /* Build configuration list for PBXNativeTarget "SimpleMemory" */ = {
			isa = XCConfigurationList;
			buildConfigurations = (
				D907C53928B0AC3400EF9888 /* Debug */,
				D907C53A28B0AC3400EF9888 /* Release */,
			);
			defaultConfigurationIsVisible = 0;
			defaultConfigurationName = Release;
		};
		D907C53B28B0AC3400EF9888 /* Build configuration list for PBXNativeTarget "SimpleMemoryTests" */ = {
			isa = XCConfigurationList;
			buildConfigurations = (
				D907C53C28B0AC3400EF9888 /* Debug */,
				D907C53D28B0AC3400EF9888 /* Release */,
			);
			defaultConfigurationIsVisible = 0;
			defaultConfigurationName = Release;
		};
		D907C53E28B0AC3400EF9888 /* Build configuration list for PBXNativeTarget "SimpleMemoryUITests" */ = {
			isa = XCConfigurationList;
			buildConfigurations = (
				D907C53F28B0AC3400EF9888 /* Debug */,
				D907C54028B0AC3400EF9888 /* Release */,
			);
			defaultConfigurationIsVisible = 0;
			defaultConfigurationName = Release;
		};
/* End XCConfigurationList section */
	};
	rootObject = D907C50628B0AC3200EF9888 /* Project object */;
}
